lockfileVersion: 5.4

specifiers:
  node-fetch: ^3.2.4

dependencies:
  node-fetch: 3.2.4

packages:

  /data-uri-to-buffer/4.0.0:
    resolution: {integrity: sha512-Vr3mLBA8qWmcuschSLAOogKgQ/Jwxulv3RNE4FXnYWRGujzrRWQI4m12fQqRkwX06C0KanhLr4hK+GydchZsaA==}
    engines: {node: '>= 12'}
    dev: false

  /fetch-blob/3.1.5:
    resolution: {integrity: sha512-N64ZpKqoLejlrwkIAnb9iLSA3Vx/kjgzpcDhygcqJ2KKjky8nCgUQ+dzXtbrLaWZGZNmNfQTsiQ0weZ1svglHg==}
    engines: {node: ^12.20 || >= 14.13}
    dependencies:
      node-domexception: 1.0.0
      web-streams-polyfill: 3.2.1
    dev: false

  /formdata-polyfill/4.0.10:
    resolution: {integrity: sha512-buewHzMvYL29jdeQTVILecSaZKnt/RJWjoZCF5OW60Z67/GmSLBkOFM7qh1PI3zFNtJbaZL5eQu1vLfazOwj4g==}
    engines: {node: '>=12.20.0'}
    dependencies:
      fetch-blob: 3.1.5
    dev: false

  /node-domexception/1.0.0:
    resolution: {integrity: sha512-/jKZoMpw0F8GRwl4/eLROPA3cfcXtLApP0QzLmUT/HuPCZWyB7IY9ZrMeKw2O/nFIqPQB3PVM9aYm0F312AXDQ==}
    engines: {node: '>=10.5.0'}
    dev: false

  /node-fetch/3.2.4:
    resolution: {integrity: sha512-WvYJRN7mMyOLurFR2YpysQGuwYrJN+qrrpHjJDuKMcSPdfFccRUla/kng2mz6HWSBxJcqPbvatS6Gb4RhOzCJw==}
    engines: {node: ^12.20.0 || ^14.13.1 || >=16.0.0}
    dependencies:
      data-uri-to-buffer: 4.0.0
      fetch-blob: 3.1.5
      formdata-polyfill: 4.0.10
    dev: false

  /web-streams-polyfill/3.2.1:
    resolution: {integrity: sha512-e0MO3wdXWKrLbL0DgGnUV7WHVuw9OUvL4hjgnPkIeEvESk74gAITi5G606JtZPp39cd8HA9VQzCIvA49LpPN5Q==}
    engines: {node: '>= 8'}
    dev: false
